// !$*UTF8*$!
{
	archiveVersion = 1;
	classes = {
	};
	objectVersion = 56;
	objects = {

/* Begin PBXBuildFile section */
		0CF6AC3A2BDB44BD00A385B0 /* SwiftUIDemoApp.swift in Sources */ = {isa = PBXBuildFile; fileRef = 0CF6AC392BDB44BD00A385B0 /* SwiftUIDemoApp.swift */; };
		0CF6AC3C2BDB44BD00A385B0 /* ContentView.swift in Sources */ = {isa = PBXBuildFile; fileRef = 0CF6AC3B2BDB44BD00A385B0 /* ContentView.swift */; };
		0CF6AC3E2BDB44BD00A385B0 /* Item.swift in Sources */ = {isa = PBXBuildFile; fileRef = 0CF6AC3D2BDB44BD00A385B0 /* Item.swift */; };
		0CF6AC402BDB44BE00A385B0 /* Assets.xcassets in Resources */ = {isa = PBXBuildFile; fileRef = 0CF6AC3F2BDB44BE00A385B0 /* Assets.xcassets */; };
		0CF6AC432BDB44BE00A385B0 /* Preview Assets.xcassets in Resources */ = {isa = PBXBuildFile; fileRef = 0CF6AC422BDB44BE00A385B0 /* Preview Assets.xcassets */; };
		0CF6AC4D2BDB44BE00A385B0 /* SwiftUIDemoTests.swift in Sources */ = {isa = PBXBuildFile; fileRef = 0CF6AC4C2BDB44BE00A385B0 /* SwiftUIDemoTests.swift */; };
		0CF6AC572BDB44BE00A385B0 /* SwiftUIDemoUITests.swift in Sources */ = {isa = PBXBuildFile; fileRef = 0CF6AC562BDB44BE00A385B0 /* SwiftUIDemoUITests.swift */; };
		0CF6AC592BDB44BE00A385B0 /* SwiftUIDemoUITestsLaunchTests.swift in Sources */ = {isa = PBXBuildFile; fileRef = 0CF6AC582BDB44BE00A385B0 /* SwiftUIDemoUITestsLaunchTests.swift */; };
		0CF6AC662BDB453A00A385B0 /* ZStackViewDemo.swift in Sources */ = {isa = PBXBuildFile; fileRef = 0CF6AC652BDB453A00A385B0 /* ZStackViewDemo.swift */; };
/* End PBXBuildFile section */

/* Begin PBXContainerItemProxy section */
		0CF6AC492BDB44BE00A385B0 /* PBXContainerItemProxy */ = {
			isa = PBXContainerItemProxy;
			containerPortal = 0CF6AC2E2BDB44BD00A385B0 /* Project object */;
			proxyType = 1;
			remoteGlobalIDString = 0CF6AC352BDB44BD00A385B0;
			remoteInfo = SwiftUIDemo;
		};
		0CF6AC532BDB44BE00A385B0 /* PBXContainerItemProxy */ = {
			isa = PBXContainerItemProxy;
			containerPortal = 0CF6AC2E2BDB44BD00A385B0 /* Project object */;
			proxyType = 1;
			remoteGlobalIDString = 0CF6AC352BDB44BD00A385B0;
			remoteInfo = SwiftUIDemo;
		};
/* End PBXContainerItemProxy section */

/* Begin PBXFileReference section */
		0CF6AC362BDB44BD00A385B0 /* SwiftUIDemo.app */ = {isa = PBXFileReference; explicitFileType = wrapper.application; includeInIndex = 0; path = SwiftUIDemo.app; sourceTree = BUILT_PRODUCTS_DIR; };
		0CF6AC392BDB44BD00A385B0 /* SwiftUIDemoApp.swift */ = {isa = PBXFileReference; lastKnownFileType = sourcecode.swift; path = SwiftUIDemoApp.swift; sourceTree = "<group>"; };
		0CF6AC3B2BDB44BD00A385B0 /* ContentView.swift */ = {isa = PBXFileReference; lastKnownFileType = sourcecode.swift; path = ContentView.swift; sourceTree = "<group>"; };
		0CF6AC3D2BDB44BD00A385B0 /* Item.swift */ = {isa = PBXFileReference; lastKnownFileType = sourcecode.swift; path = Item.swift; sourceTree = "<group>"; };
		0CF6AC3F2BDB44BE00A385B0 /* Assets.xcassets */ = {isa = PBXFileReference; lastKnownFileType = folder.assetcatalog; path = Assets.xcassets; sourceTree = "<group>"; };
		0CF6AC422BDB44BE00A385B0 /* Preview Assets.xcassets */ = {isa = PBXFileReference; lastKnownFileType = folder.assetcatalog; path = "Preview Assets.xcassets"; sourceTree = "<group>"; };
		0CF6AC482BDB44BE00A385B0 /* SwiftUIDemoTests.xctest */ = {isa = PBXFileReference; explicitFileType = wrapper.cfbundle; includeInIndex = 0; path = SwiftUIDemoTests.xctest; sourceTree = BUILT_PRODUCTS_DIR; };
		0CF6AC4C2BDB44BE00A385B0 /* SwiftUIDemoTests.swift */ = {isa = PBXFileReference; lastKnownFileType = sourcecode.swift; path = SwiftUIDemoTests.swift; sourceTree = "<group>"; };
		0CF6AC522BDB44BE00A385B0 /* SwiftUIDemoUITests.xctest */ = {isa = PBXFileReference; explicitFileType = wrapper.cfbundle; includeInIndex = 0; path = SwiftUIDemoUITests.xctest; sourceTree = BUILT_PRODUCTS_DIR; };
		0CF6AC562BDB44BE00A385B0 /* SwiftUIDemoUITests.swift */ = {isa = PBXFileReference; lastKnownFileType = sourcecode.swift; path = SwiftUIDemoUITests.swift; sourceTree = "<group>"; };
		0CF6AC582BDB44BE00A385B0 /* SwiftUIDemoUITestsLaunchTests.swift */ = {isa = PBXFileReference; lastKnownFileType = sourcecode.swift; path = SwiftUIDemoUITestsLaunchTests.swift; sourceTree = "<group>"; };
		0CF6AC652BDB453A00A385B0 /* ZStackViewDemo.swift */ = {isa = PBXFileReference; lastKnownFileType = sourcecode.swift; path = ZStackViewDemo.swift; sourceTree = "<group>"; };
/* End PBXFileReference section */

/* Begin PBXFrameworksBuildPhase section */
		0CF6AC332BDB44BD00A385B0 /* Frameworks */ = {
			isa = PBXFrameworksBuildPhase;
			buildActionMask = 2147483647;
			files = (
			);
			runOnlyForDeploymentPostprocessing = 0;
		};
		0CF6AC452BDB44BE00A385B0 /* Frameworks */ = {
			isa = PBXFrameworksBuildPhase;
			buildActionMask = 2147483647;
			files = (
			);
			runOnlyForDeploymentPostprocessing = 0;
		};
		0CF6AC4F2BDB44BE00A385B0 /* Frameworks */ = {
			isa = PBXFrameworksBuildPhase;
			buildActionMask = 2147483647;
			files = (
			);
			runOnlyForDeploymentPostprocessing = 0;
		};
/* End PBXFrameworksBuildPhase section */

/* Begin PBXGroup section */
		0CF6AC2D2BDB44BD00A385B0 = {
			isa = PBXGroup;
			children = (
				0CF6AC382BDB44BD00A385B0 /* SwiftUIDemo */,
				0CF6AC4B2BDB44BE00A385B0 /* SwiftUIDemoTests */,
				0CF6AC552BDB44BE00A385B0 /* SwiftUIDemoUITests */,
				0CF6AC372BDB44BD00A385B0 /* Products */,
			);
			sourceTree = "<group>";
		};
		0CF6AC372BDB44BD00A385B0 /* Products */ = {
			isa = PBXGroup;
			children = (
				0CF6AC362BDB44BD00A385B0 /* SwiftUIDemo.app */,
				0CF6AC482BDB44BE00A385B0 /* SwiftUIDemoTests.xctest */,
				0CF6AC522BDB44BE00A385B0 /* SwiftUIDemoUITests.xctest */,
			);
			name = Products;
			sourceTree = "<group>";
		};
		0CF6AC382BDB44BD00A385B0 /* SwiftUIDemo */ = {
			isa = PBXGroup;
			children = (
				0CF6AC392BDB44BD00A385B0 /* SwiftUIDemoApp.swift */,
				0CF6AC3B2BDB44BD00A385B0 /* ContentView.swift */,
				0CF6AC3D2BDB44BD00A385B0 /* Item.swift */,
				0CF6AC3F2BDB44BE00A385B0 /* Assets.xcassets */,
				0CF6AC412BDB44BE00A385B0 /* Preview Content */,
				0CF6AC652BDB453A00A385B0 /* ZStackViewDemo.swift */,
			);
			path = SwiftUIDemo;
			sourceTree = "<group>";
		};
		0CF6AC412BDB44BE00A385B0 /* Preview Content */ = {
			isa = PBXGroup;
			children = (
				0CF6AC422BDB44BE00A385B0 /* Preview Assets.xcassets */,
			);
			path = "Preview Content";
			sourceTree = "<group>";
		};
		0CF6AC4B2BDB44BE00A385B0 /* SwiftUIDemoTests */ = {
			isa = PBXGroup;
			children = (
				0CF6AC4C2BDB44BE00A385B0 /* SwiftUIDemoTests.swift */,
			);
			path = SwiftUIDemoTests;
			sourceTree = "<group>";
		};
		0CF6AC552BDB44BE00A385B0 /* SwiftUIDemoUITests */ = {
			isa = PBXGroup;
			children = (
				0CF6AC562BDB44BE00A385B0 /* SwiftUIDemoUITests.swift */,
				0CF6AC582BDB44BE00A385B0 /* SwiftUIDemoUITestsLaunchTests.swift */,
			);
			path = SwiftUIDemoUITests;
			sourceTree = "<group>";
		};
/* End PBXGroup section */

/* Begin PBXNativeTarget section */
		0CF6AC352BDB44BD00A385B0 /* SwiftUIDemo */ = {
			isa = PBXNativeTarget;
			buildConfigurationList = 0CF6AC5C2BDB44BE00A385B0 /* Build configuration list for PBXNativeTarget "SwiftUIDemo" */;
			buildPhases = (
				0CF6AC322BDB44BD00A385B0 /* Sources */,
				0CF6AC332BDB44BD00A385B0 /* Frameworks */,
				0CF6AC342BDB44BD00A385B0 /* Resources */,
			);
			buildRules = (
			);
			dependencies = (
			);
			name = SwiftUIDemo;
			productName = SwiftUIDemo;
			productReference = 0CF6AC362BDB44BD00A385B0 /* SwiftUIDemo.app */;
			productType = "com.apple.product-type.application";
		};
		0CF6AC472BDB44BE00A385B0 /* SwiftUIDemoTests */ = {
			isa = PBXNativeTarget;
			buildConfigurationList = 0CF6AC5F2BDB44BE00A385B0 /* Build configuration list for PBXNativeTarget "SwiftUIDemoTests" */;
			buildPhases = (
				0CF6AC442BDB44BE00A385B0 /* Sources */,
				0CF6AC452BDB44BE00A385B0 /* Frameworks */,
				0CF6AC462BDB44BE00A385B0 /* Resources */,
			);
			buildRules = (
			);
			dependencies = (
				0CF6AC4A2BDB44BE00A385B0 /* PBXTargetDependency */,
			);
			name = SwiftUIDemoTests;
			productName = SwiftUIDemoTests;
			productReference = 0CF6AC482BDB44BE00A385B0 /* SwiftUIDemoTests.xctest */;
			productType = "com.apple.product-type.bundle.unit-test";
		};
		0CF6AC512BDB44BE00A385B0 /* SwiftUIDemoUITests */ = {
			isa = PBXNativeTarget;
			buildConfigurationList = 0CF6AC622BDB44BE00A385B0 /* Build configuration list for PBXNativeTarget "SwiftUIDemoUITests" */;
			buildPhases = (
				0CF6AC4E2BDB44BE00A385B0 /* Sources */,
				0CF6AC4F2BDB44BE00A385B0 /* Frameworks */,
				0CF6AC502BDB44BE00A385B0 /* Resources */,
			);
			buildRules = (
			);
			dependencies = (
				0CF6AC542BDB44BE00A385B0 /* PBXTargetDependency */,
			);
			name = SwiftUIDemoUITests;
			productName = SwiftUIDemoUITests;
			productReference = 0CF6AC522BDB44BE00A385B0 /* SwiftUIDemoUITests.xctest */;
			productType = "com.apple.product-type.bundle.ui-testing";
		};
/* End PBXNativeTarget section */

/* Begin PBXProject section */
		0CF6AC2E2BDB44BD00A385B0 /* Project object */ = {
			isa = PBXProject;
			attributes = {
				BuildIndependentTargetsInParallel = 1;
				LastSwiftUpdateCheck = 1520;
				LastUpgradeCheck = 1520;
				TargetAttributes = {
					0CF6AC352BDB44BD00A385B0 = {
						CreatedOnToolsVersion = 15.2;
					};
					0CF6AC472BDB44BE00A385B0 = {
						CreatedOnToolsVersion = 15.2;
						TestTargetID = 0CF6AC352BDB44BD00A385B0;
					};
					0CF6AC512BDB44BE00A385B0 = {
						CreatedOnToolsVersion = 15.2;
						TestTargetID = 0CF6AC352BDB44BD00A385B0;
					};
				};
			};
			buildConfigurationList = 0CF6AC312BDB44BD00A385B0 /* Build configuration list for PBXProject "SwiftUIDemo" */;
			compatibilityVersion = "Xcode 14.0";
			developmentRegion = en;
			hasScannedForEncodings = 0;
			knownRegions = (
				en,
				Base,
			);
			mainGroup = 0CF6AC2D2BDB44BD00A385B0;
			productRefGroup = 0CF6AC372BDB44BD00A385B0 /* Products */;
			projectDirPath = "";
			projectRoot = "";
			targets = (
				0CF6AC352BDB44BD00A385B0 /* SwiftUIDemo */,
				0CF6AC472BDB44BE00A385B0 /* SwiftUIDemoTests */,
				0CF6AC512BDB44BE00A385B0 /* SwiftUIDemoUITests */,
			);
		};
/* End PBXProject section */

/* Begin PBXResourcesBuildPhase section */
		0CF6AC342BDB44BD00A385B0 /* Resources */ = {
			isa = PBXResourcesBuildPhase;
			buildActionMask = 2147483647;
			files = (
				0CF6AC432BDB44BE00A385B0 /* Preview Assets.xcassets in Resources */,
				0CF6AC402BDB44BE00A385B0 /* Assets.xcassets in Resources */,
			);
			runOnlyForDeploymentPostprocessing = 0;
		};
		0CF6AC462BDB44BE00A385B0 /* Resources */ = {
			isa = PBXResourcesBuildPhase;
			buildActionMask = 2147483647;
			files = (
			);
			runOnlyForDeploymentPostprocessing = 0;
		};
		0CF6AC502BDB44BE00A385B0 /* Resources */ = {
			isa = PBXResourcesBuildPhase;
			buildActionMask = 2147483647;
			files = (
			);
			runOnlyForDeploymentPostprocessing = 0;
		};
/* End PBXResourcesBuildPhase section */

/* Begin PBXSourcesBuildPhase section */
		0CF6AC322BDB44BD00A385B0 /* Sources */ = {
			isa = PBXSourcesBuildPhase;
			buildActionMask = 2147483647;
			files = (
				0CF6AC3C2BDB44BD00A385B0 /* ContentView.swift in Sources */,
				0CF6AC3E2BDB44BD00A385B0 /* Item.swift in Sources */,
				0CF6AC3A2BDB44BD00A385B0 /* SwiftUIDemoApp.swift in Sources */,
				0CF6AC662BDB453A00A385B0 /* ZStackViewDemo.swift in Sources */,
			);
			runOnlyForDeploymentPostprocessing = 0;
		};
		0CF6AC442BDB44BE00A385B0 /* Sources */ = {
			isa = PBXSourcesBuildPhase;
			buildActionMask = 2147483647;
			files = (
				0CF6AC4D2BDB44BE00A385B0 /* SwiftUIDemoTests.swift in Sources */,
			);
			runOnlyForDeploymentPostprocessing = 0;
		};
		0CF6AC4E2BDB44BE00A385B0 /* Sources */ = {
			isa = PBXSourcesBuildPhase;
			buildActionMask = 2147483647;
			files = (
				0CF6AC572BDB44BE00A385B0 /* SwiftUIDemoUITests.swift in Sources */,
				0CF6AC592BDB44BE00A385B0 /* SwiftUIDemoUITestsLaunchTests.swift in Sources */,
			);
			runOnlyForDeploymentPostprocessing = 0;
		};
/* End PBXSourcesBuildPhase section */

/* Begin PBXTargetDependency section */
		0CF6AC4A2BDB44BE00A385B0 /* PBXTargetDependency */ = {
			isa = PBXTargetDependency;
			target = 0CF6AC352BDB44BD00A385B0 /* SwiftUIDemo */;
			targetProxy = 0CF6AC492BDB44BE00A385B0 /* PBXContainerItemProxy */;
		};
		0CF6AC542BDB44BE00A385B0 /* PBXTargetDependency */ = {
			isa = PBXTargetDependency;
			target = 0CF6AC352BDB44BD00A385B0 /* SwiftUIDemo */;
			targetProxy = 0CF6AC532BDB44BE00A385B0 /* PBXContainerItemProxy */;
		};
/* End PBXTargetDependency section */

/* Begin XCBuildConfiguration section */
		0CF6AC5A2BDB44BE00A385B0 /* Debug */ = {
			isa = XCBuildConfiguration;
			buildSettings = {
				ALWAYS_SEARCH_USER_PATHS = NO;
				ASSETCATALOG_COMPILER_GENERATE_SWIFT_ASSET_SYMBOL_EXTENSIONS = YES;
				CLANG_ANALYZER_NONNULL = YES;
				CLANG_ANALYZER_NUMBER_OBJECT_CONVERSION = YES_AGGRESSIVE;
				CLANG_CXX_LANGUAGE_STANDARD = "gnu++20";
				CLANG_ENABLE_MODULES = YES;
				CLANG_ENABLE_OBJC_ARC = YES;
				CLANG_ENABLE_OBJC_WEAK = YES;
				CLANG_WARN_BLOCK_CAPTURE_AUTORELEASING = YES;
				CLANG_WARN_BOOL_CONVERSION = YES;
				CLANG_WARN_COMMA = YES;
				CLANG_WARN_CONSTANT_CONVERSION = YES;
				CLANG_WARN_DEPRECATED_OBJC_IMPLEMENTATIONS = YES;
				CLANG_WARN_DIRECT_OBJC_ISA_USAGE = YES_ERROR;
				CLANG_WARN_DOCUMENTATION_COMMENTS = YES;
				CLANG_WARN_EMPTY_BODY = YES;
				CLANG_WARN_ENUM_CONVERSION = YES;
				CLANG_WARN_INFINITE_RECURSION = YES;
				CLANG_WARN_INT_CONVERSION = YES;
				CLANG_WARN_NON_LITERAL_NULL_CONVERSION = YES;
				CLANG_WARN_OBJC_IMPLICIT_RETAIN_SELF = YES;
				CLANG_WARN_OBJC_LITERAL_CONVERSION = YES;
				CLANG_WARN_OBJC_ROOT_CLASS = YES_ERROR;
				CLANG_WARN_QUOTED_INCLUDE_IN_FRAMEWORK_HEADER = YES;
				CLANG_WARN_RANGE_LOOP_ANALYSIS = YES;
				CLANG_WARN_STRICT_PROTOTYPES = YES;
				CLANG_WARN_SUSPICIOUS_MOVE = YES;
				CLANG_WARN_UNGUARDED_AVAILABILITY = YES_AGGRESSIVE;
				CLANG_WARN_UNREACHABLE_CODE = YES;
				CLANG_WARN__DUPLICATE_METHOD_MATCH = YES;
				COPY_PHASE_STRIP = NO;
				DEBUG_INFORMATION_FORMAT = dwarf;
				ENABLE_STRICT_OBJC_MSGSEND = YES;
				ENABLE_TESTABILITY = YES;
				ENABLE_USER_SCRIPT_SANDBOXING = YES;
				GCC_C_LANGUAGE_STANDARD = gnu17;
				GCC_DYNAMIC_NO_PIC = NO;
				GCC_NO_COMMON_BLOCKS = YES;
				GCC_OPTIMIZATION_LEVEL = 0;
				GCC_PREPROCESSOR_DEFINITIONS = (
					"DEBUG=1",
					"$(inherited)",
				);
				GCC_WARN_64_TO_32_BIT_CONVERSION = YES;
				GCC_WARN_ABOUT_RETURN_TYPE = YES_ERROR;
				GCC_WARN_UNDECLARED_SELECTOR = YES;
				GCC_WARN_UNINITIALIZED_AUTOS = YES_AGGRESSIVE;
				GCC_WARN_UNUSED_FUNCTION = YES;
				GCC_WARN_UNUSED_VARIABLE = YES;
				IPHONEOS_DEPLOYMENT_TARGET = 17.2;
				LOCALIZATION_PREFERS_STRING_CATALOGS = YES;
				MTL_ENABLE_DEBUG_INFO = INCLUDE_SOURCE;
				MTL_FAST_MATH = YES;
				ONLY_ACTIVE_ARCH = YES;
				SDKROOT = iphoneos;
				SWIFT_ACTIVE_COMPILATION_CONDITIONS = "DEBUG $(inherited)";
				SWIFT_OPTIMIZATION_LEVEL = "-Onone";
			};
			name = Debug;
		};
		0CF6AC5B2BDB44BE00A385B0 /* Release */ = {
			isa = XCBuildConfiguration;
			buildSettings = {
				ALWAYS_SEARCH_USER_PATHS = NO;
				ASSETCATALOG_COMPILER_GENERATE_SWIFT_ASSET_SYMBOL_EXTENSIONS = YES;
				CLANG_ANALYZER_NONNULL = YES;
				CLANG_ANALYZER_NUMBER_OBJECT_CONVERSION = YES_AGGRESSIVE;
				CLANG_CXX_LANGUAGE_STANDARD = "gnu++20";
				CLANG_ENABLE_MODULES = YES;
				CLANG_ENABLE_OBJC_ARC = YES;
				CLANG_ENABLE_OBJC_WEAK = YES;
				CLANG_WARN_BLOCK_CAPTURE_AUTORELEASING = YES;
				CLANG_WARN_BOOL_CONVERSION = YES;
				CLANG_WARN_COMMA = YES;
				CLANG_WARN_CONSTANT_CONVERSION = YES;
				CLANG_WARN_DEPRECATED_OBJC_IMPLEMENTATIONS = YES;
				CLANG_WARN_DIRECT_OBJC_ISA_USAGE = YES_ERROR;
				CLANG_WARN_DOCUMENTATION_COMMENTS = YES;
				CLANG_WARN_EMPTY_BODY = YES;
				CLANG_WARN_ENUM_CONVERSION = YES;
				CLANG_WARN_INFINITE_RECURSION = YES;
				CLANG_WARN_INT_CONVERSION = YES;
				CLANG_WARN_NON_LITERAL_NULL_CONVERSION = YES;
				CLANG_WARN_OBJC_IMPLICIT_RETAIN_SELF = YES;
				CLANG_WARN_OBJC_LITERAL_CONVERSION = YES;
				CLANG_WARN_OBJC_ROOT_CLASS = YES_ERROR;
				CLANG_WARN_QUOTED_INCLUDE_IN_FRAMEWORK_HEADER = YES;
				CLANG_WARN_RANGE_LOOP_ANALYSIS = YES;
				CLANG_WARN_STRICT_PROTOTYPES = YES;
				CLANG_WARN_SUSPICIOUS_MOVE = YES;
				CLANG_WARN_UNGUARDED_AVAILABILITY = YES_AGGRESSIVE;
				CLANG_WARN_UNREACHABLE_CODE = YES;
				CLANG_WARN__DUPLICATE_METHOD_MATCH = YES;
				COPY_PHASE_STRIP = NO;
				DEBUG_INFORMATION_FORMAT = "dwarf-with-dsym";
				ENABLE_NS_ASSERTIONS = NO;
				ENABLE_STRICT_OBJC_MSGSEND = YES;
				ENABLE_USER_SCRIPT_SANDBOXING = YES;
				GCC_C_LANGUAGE_STANDARD = gnu17;
				GCC_NO_COMMON_BLOCKS = YES;
				GCC_WARN_64_TO_32_BIT_CONVERSION = YES;
				GCC_WARN_ABOUT_RETURN_TYPE = YES_ERROR;
				GCC_WARN_UNDECLARED_SELECTOR = YES;
				GCC_WARN_UNINITIALIZED_AUTOS = YES_AGGRESSIVE;
				GCC_WARN_UNUSED_FUNCTION = YES;
				GCC_WARN_UNUSED_VARIABLE = YES;
				IPHONEOS_DEPLOYMENT_TARGET = 17.2;
				LOCALIZATION_PREFERS_STRING_CATALOGS = YES;
				MTL_ENABLE_DEBUG_INFO = NO;
				MTL_FAST_MATH = YES;
				SDKROOT = iphoneos;
				SWIFT_COMPILATION_MODE = wholemodule;
				VALIDATE_PRODUCT = YES;
			};
			name = Release;
		};
		0CF6AC5D2BDB44BE00A385B0 /* Debug */ = {
			isa = XCBuildConfiguration;
			buildSettings = {
				ASSETCATALOG_COMPILER_APPICON_NAME = AppIcon;
				ASSETCATALOG_COMPILER_GLOBAL_ACCENT_COLOR_NAME = AccentColor;
				CODE_SIGN_STYLE = Automatic;
				CURRENT_PROJECT_VERSION = 1;
				DEVELOPMENT_ASSET_PATHS = "\"SwiftUIDemo/Preview Content\"";
				ENABLE_PREVIEWS = YES;
				GENERATE_INFOPLIST_FILE = YES;
				INFOPLIST_KEY_UIApplicationSceneManifest_Generation = YES;
				INFOPLIST_KEY_UIApplicationSupportsIndirectInputEvents = YES;
				INFOPLIST_KEY_UILaunchScreen_Generation = YES;
				INFOPLIST_KEY_UISupportedInterfaceOrientations_iPad = "UIInterfaceOrientationPortrait UIInterfaceOrientationPortraitUpsideDown UIInterfaceOrientationLandscapeLeft UIInterfaceOrientationLandscapeRight";
				INFOPLIST_KEY_UISupportedInterfaceOrientations_iPhone = "UIInterfaceOrientationPortrait UIInterfaceOrientationLandscapeLeft UIInterfaceOrientationLandscapeRight";
				LD_RUNPATH_SEARCH_PATHS = (
					"$(inherited)",
					"@executable_path/Frameworks",
				);
				MARKETING_VERSION = 1.0;
				PRODUCT_BUNDLE_IDENTIFIER = com.fleetorg.SwiftUIDemo;
				PRODUCT_NAME = "$(TARGET_NAME)";
				SWIFT_EMIT_LOC_STRINGS = YES;
				SWIFT_VERSION = 5.0;
				TARGETED_DEVICE_FAMILY = "1,2";
			};
			name = Debug;
		};
		0CF6AC5E2BDB44BE00A385B0 /* Release */ = {
			isa = XCBuildConfiguration;
			buildSettings = {
				ASSETCATALOG_COMPILER_APPICON_NAME = AppIcon;
				ASSETCATALOG_COMPILER_GLOBAL_ACCENT_COLOR_NAME = AccentColor;
				CODE_SIGN_STYLE = Automatic;
				CURRENT_PROJECT_VERSION = 1;
				DEVELOPMENT_ASSET_PATHS = "\"SwiftUIDemo/Preview Content\"";
				ENABLE_PREVIEWS = YES;
				GENERATE_INFOPLIST_FILE = YES;
				INFOPLIST_KEY_UIApplicationSceneManifest_Generation = YES;
				INFOPLIST_KEY_UIApplicationSupportsIndirectInputEvents = YES;
				INFOPLIST_KEY_UILaunchScreen_Generation = YES;
				INFOPLIST_KEY_UISupportedInterfaceOrientations_iPad = "UIInterfaceOrientationPortrait UIInterfaceOrientationPortraitUpsideDown UIInterfaceOrientationLandscapeLeft UIInterfaceOrientationLandscapeRight";
				INFOPLIST_KEY_UISupportedInterfaceOrientations_iPhone = "UIInterfaceOrientationPortrait UIInterfaceOrientationLandscapeLeft UIInterfaceOrientationLandscapeRight";
				LD_RUNPATH_SEARCH_PATHS = (
					"$(inherited)",
					"@executable_path/Frameworks",
				);
				MARKETING_VERSION = 1.0;
				PRODUCT_BUNDLE_IDENTIFIER = com.fleetorg.SwiftUIDemo;
				PRODUCT_NAME = "$(TARGET_NAME)";
				SWIFT_EMIT_LOC_STRINGS = YES;
				SWIFT_VERSION = 5.0;
				TARGETED_DEVICE_FAMILY = "1,2";
			};
			name = Release;
		};
		0CF6AC602BDB44BE00A385B0 /* Debug */ = {
			isa = XCBuildConfiguration;
			buildSettings = {
				ALWAYS_EMBED_SWIFT_STANDARD_LIBRARIES = YES;
				BUNDLE_LOADER = "$(TEST_HOST)";
				CODE_SIGN_STYLE = Automatic;
				CURRENT_PROJECT_VERSION = 1;
				GENERATE_INFOPLIST_FILE = YES;
				IPHONEOS_DEPLOYMENT_TARGET = 17.2;
				MARKETING_VERSION = 1.0;
				PRODUCT_BUNDLE_IDENTIFIER = com.fleetorg.SwiftUIDemoTests;
				PRODUCT_NAME = "$(TARGET_NAME)";
				SWIFT_EMIT_LOC_STRINGS = NO;
				SWIFT_VERSION = 5.0;
				TARGETED_DEVICE_FAMILY = "1,2";
				TEST_HOST = "$(BUILT_PRODUCTS_DIR)/SwiftUIDemo.app/$(BUNDLE_EXECUTABLE_FOLDER_PATH)/SwiftUIDemo";
			};
			name = Debug;
		};
		0CF6AC612BDB44BE00A385B0 /* Release */ = {
			isa = XCBuildConfiguration;
			buildSettings = {
				ALWAYS_EMBED_SWIFT_STANDARD_LIBRARIES = YES;
				BUNDLE_LOADER = "$(TEST_HOST)";
				CODE_SIGN_STYLE = Automatic;
				CURRENT_PROJECT_VERSION = 1;
				GENERATE_INFOPLIST_FILE = YES;
				IPHONEOS_DEPLOYMENT_TARGET = 17.2;
				MARKETING_VERSION = 1.0;
				PRODUCT_BUNDLE_IDENTIFIER = com.fleetorg.SwiftUIDemoTests;
				PRODUCT_NAME = "$(TARGET_NAME)";
				SWIFT_EMIT_LOC_STRINGS = NO;
				SWIFT_VERSION = 5.0;
				TARGETED_DEVICE_FAMILY = "1,2";
				TEST_HOST = "$(BUILT_PRODUCTS_DIR)/SwiftUIDemo.app/$(BUNDLE_EXECUTABLE_FOLDER_PATH)/SwiftUIDemo";
			};
			name = Release;
		};
		0CF6AC632BDB44BE00A385B0 /* Debug */ = {
			isa = XCBuildConfiguration;
			buildSettings = {
				ALWAYS_EMBED_SWIFT_STANDARD_LIBRARIES = YES;
				CODE_SIGN_STYLE = Automatic;
				CURRENT_PROJECT_VERSION = 1;
				GENERATE_INFOPLIST_FILE = YES;
				MARKETING_VERSION = 1.0;
				PRODUCT_BUNDLE_IDENTIFIER = com.fleetorg.SwiftUIDemoUITests;
				PRODUCT_NAME = "$(TARGET_NAME)";
				SWIFT_EMIT_LOC_STRINGS = NO;
				SWIFT_VERSION = 5.0;
				TARGETED_DEVICE_FAMILY = "1,2";
				TEST_TARGET_NAME = SwiftUIDemo;
			};
			name = Debug;
		};
		0CF6AC642BDB44BE00A385B0 /* Release */ = {
			isa = XCBuildConfiguration;
			buildSettings = {
				ALWAYS_EMBED_SWIFT_STANDARD_LIBRARIES = YES;
				CODE_SIGN_STYLE = Automatic;
				CURRENT_PROJECT_VERSION = 1;
				GENERATE_INFOPLIST_FILE = YES;
				MARKETING_VERSION = 1.0;
				PRODUCT_BUNDLE_IDENTIFIER = com.fleetorg.SwiftUIDemoUITests;
				PRODUCT_NAME = "$(TARGET_NAME)";
				SWIFT_EMIT_LOC_STRINGS = NO;
				SWIFT_VERSION = 5.0;
				TARGETED_DEVICE_FAMILY = "1,2";
				TEST_TARGET_NAME = SwiftUIDemo;
			};
			name = Release;
		};
/* End XCBuildConfiguration section */

/* Begin XCConfigurationList section */
		0CF6AC312BDB44BD00A385B0 /* Build configuration list for PBXProject "SwiftUIDemo" */ = {
			isa = XCConfigurationList;
			buildConfigurations = (
				0CF6AC5A2BDB44BE00A385B0 /* Debug */,
				0CF6AC5B2BDB44BE00A385B0 /* Release */,
			);
			defaultConfigurationIsVisible = 0;
			defaultConfigurationName = Release;
		};
		0CF6AC5C2BDB44BE00A385B0 /* Build configuration list for PBXNativeTarget "SwiftUIDemo" */ = {
			isa = XCConfigurationList;
			buildConfigurations = (
				0CF6AC5D2BDB44BE00A385B0 /* Debug */,
				0CF6AC5E2BDB44BE00A385B0 /* Release */,
			);
			defaultConfigurationIsVisible = 0;
			defaultConfigurationName = Release;
		};
		0CF6AC5F2BDB44BE00A385B0 /* Build configuration list for PBXNativeTarget "SwiftUIDemoTests" */ = {
			isa = XCConfigurationList;
			buildConfigurations = (
				0CF6AC602BDB44BE00A385B0 /* Debug */,
				0CF6AC612BDB44BE00A385B0 /* Release */,
			);
			defaultConfigurationIsVisible = 0;
			defaultConfigurationName = Release;
		};
		0CF6AC622BDB44BE00A385B0 /* Build configuration list for PBXNativeTarget "SwiftUIDemoUITests" */ = {
			isa = XCConfigurationList;
			buildConfigurations = (
				0CF6AC632BDB44BE00A385B0 /* Debug */,
				0CF6AC642BDB44BE00A385B0 /* Release */,
			);
			defaultConfigurationIsVisible = 0;
			defaultConfigurationName = Release;
		};
/* End XCConfigurationList section */
	};
	rootObject = 0CF6AC2E2BDB44BD00A385B0 /* Project object */;
}
